<?xml version="1.0" encoding="utf-8"?>
<Project ToolsVersion="4.0" xmlns="http://schemas.microsoft.com/developer/msbuild/2003">
  <ItemGroup>
    <Filter Include="Source Files">
      <UniqueIdentifier>{4FC737F1-C7A5-4376-A066-2A32D752A2FF}</UniqueIdentifier>
      <Extensions>cpp;c;cc;cxx;def;odl;idl;hpj;bat;asm;asmx</Extensions>
    </Filter>
    <Filter Include="Header Files">
      <UniqueIdentifier>{93995380-89BD-4b04-88EB-625FBE52EBFB}</UniqueIdentifier>
      <Extensions>h;hh;hpp;hxx;hm;inl;inc;xsd</Extensions>
    </Filter>
    <Filter Include="Resource Files">
      <UniqueIdentifier>{67DA6AB6-F800-4c08-8B7A-83BB121AAD01}</UniqueIdentifier>
      <Extensions>rc;ico;cur;bmp;dlg;rc2;rct;bin;rgs;gif;jpg;jpeg;jpe;resx;tiff;tif;png;wav;mfcribbon-ms</Extensions>
    </Filter>
  </ItemGroup>
  <ItemGroup>
    <ClCompile Include="Benign.cpp">
      <Filter>Source Files</Filter>
    </ClCompile>
    <ClCompile Include="Enemy.cpp">
      <Filter>Source Files</Filter>
    </ClCompile>
    <ClCompile Include="Hero.cpp">
      <Filter>Source Files</Filter>
    </ClCompile>
    <ClCompile Include="Ingestible.cpp">
      <Filter>Source Files</Filter>
    </ClCompile>
    <ClCompile Include="Item.cpp">
      <Filter>Source Files</Filter>
    </ClCompile>
    <ClCompile Include="Leader.cpp">
      <Filter>Source Files</Filter>
    </ClCompile>
    <ClCompile Include="Mage.cpp">
      <Filter>Source Files</Filter>
    </ClCompile>
    <ClCompile Include="Magic.cpp">
      <Filter>Source Files</Filter>
    </ClCompile>
    <ClCompile Include="Map.cpp">
      <Filter>Source Files</Filter>
    </ClCompile>
    <ClCompile Include="Physical.cpp">
      <Filter>Source Files</Filter>
    </ClCompile>
    <ClCompile Include="Silverman.cpp">
      <Filter>Source Files</Filter>
    </ClCompile>
    <ClCompile Include="Thief.cpp">
      <Filter>Source Files</Filter>
    </ClCompile>
    <ClCompile Include="Tool.cpp">
      <Filter>Source Files</Filter>
    </ClCompile>
    <ClCompile Include="Viscious.cpp">
      <Filter>Source Files</Filter>
    </ClCompile>
    <ClCompile Include="Warrior.cpp">
      <Filter>Source Files</Filter>
    </ClCompile>
    <ClCompile Include="Weapon.cpp">
      <Filter>Source Files</Filter>
    </ClCompile>
    <ClCompile Include="Save.cpp">
      <Filter>Source Files</Filter>
    </ClCompile>
    <ClCompile Include="testEnemy.cpp">
      <Filter>Source Files</Filter>
    </ClCompile>
    <ClCompile Include="testHero.cpp">
      <Filter>Source Files</Filter>
    </ClCompile>
    <ClCompile Include="testItem.cpp">
      <Filter>Source Files</Filter>
    </ClCompile>
    <ClCompile Include="testMage.cpp">
      <Filter>Source Files</Filter>
    </ClCompile>
    <ClCompile Include="testMap.cpp">
      <Filter>Source Files</Filter>
    </ClCompile>
  </ItemGroup>
  <ItemGroup>
    <ClInclude Include="Benign.h">
      <Filter>Header Files</Filter>
    </ClInclude>
    <ClInclude Include="Enemy.h">
      <Filter>Header Files</Filter>
    </ClInclude>
    <ClInclude Include="Hero.h">
      <Filter>Header Files</Filter>
    </ClInclude>
    <ClInclude Include="Ingestible.h">
      <Filter>Header Files</Filter>
    </ClInclude>
    <ClInclude Include="Item.h">
      <Filter>Header Files</Filter>
    </ClInclude>
    <ClInclude Include="Leader.h">
      <Filter>Header Files</Filter>
    </ClInclude>
    <ClInclude Include="Mage.h">
      <Filter>Header Files</Filter>
    </ClInclude>
    <ClInclude Include="Magic.h">
      <Filter>Header Files</Filter>
    </ClInclude>
    <ClInclude Include="Map.h">
      <Filter>Header Files</Filter>
    </ClInclude>
    <ClInclude Include="Physical.h">
      <Filter>Header Files</Filter>
    </ClInclude>
    <ClInclude Include="Silverman.h">
      <Filter>Header Files</Filter>
    </ClInclude>
    <ClInclude Include="Thief.h">
      <Filter>Header Files</Filter>
    </ClInclude>
    <ClInclude Include="Tool.h">
      <Filter>Header Files</Filter>
    </ClInclude>
    <ClInclude Include="Viscious.h">
      <Filter>Header Files</Filter>
    </ClInclude>
    <ClInclude Include="Warrior.h">
      <Filter>Header Files</Filter>
    </ClInclude>
    <ClInclude Include="Weapon.h">
      <Filter>Header Files</Filter>
    </ClInclude>
  </ItemGroup>
</Project>